{
  "lockfile_version": "1",
  "packages": {
    "ffmpeg@7.1.1": {
      "last_modified": "2025-08-12T09:17:37Z",
      "resolved": "github:NixOS/nixpkgs/372d9eeeafa5b15913201e2b92e8e539ac7c64d1#ffmpeg",
      "source": "devbox-search",
      "version": "7.1.1",
      "systems": {
        "aarch64-darwin": {
          "outputs": [
            {
              "name": "bin",
              "path": "/nix/store/gkgrqbp39zvrbmkk1alq98sxxs0ra09i-ffmpeg-7.1.1-bin",
              "default": true
            },
            {
              "name": "man",
              "path": "/nix/store/8dvz9qflvfzaq5gppmh8fzhs9qn8spjm-ffmpeg-7.1.1-man",
              "default": true
            },
            {
              "name": "data",
              "path": "/nix/store/b8pdx5iq32fpg84pl8fplhgljlfg0mrz-ffmpeg-7.1.1-data"
            },
            {
              "name": "dev",
              "path": "/nix/store/1abzm62nfgzmpw6s6npz1rin6ppfcqzg-ffmpeg-7.1.1-dev"
            },
            {
              "name": "doc",
              "path": "/nix/store/q59425ijrbidn14py0vwx65h4zkq3snx-ffmpeg-7.1.1-doc"
            },
            {
              "name": "lib",
              "path": "/nix/store/7zcgjn45sfnm41n2slc5wwv0r50jz4yc-ffmpeg-7.1.1-lib"
            },
            {
              "name": "out",
              "path": "/nix/store/gc39pwvnpqsrn71bz63kakg7ylrfzmc7-ffmpeg-7.1.1"
            }
          ],
          "store_path": "/nix/store/gkgrqbp39zvrbmkk1alq98sxxs0ra09i-ffmpeg-7.1.1-bin"
        },
        "aarch64-linux": {
          "outputs": [
            {
              "name": "bin",
              "path": "/nix/store/611i8s479ln8rf3j2fbbbq1l9hdk4i67-ffmpeg-7.1.1-bin",
              "default": true
            },
            {
              "name": "man",
              "path": "/nix/store/wrjizy5ilzsnfkvcjqpprdrc9bi128y9-ffmpeg-7.1.1-man",
              "default": true
            },
            {
              "name": "dev",
              "path": "/nix/store/9avsfi3anri888m7mfpi3vs2agqbp93x-ffmpeg-7.1.1-dev"
            },
            {
              "name": "doc",
              "path": "/nix/store/0rjaz9j0qd76jv0d1b4miv85kyn6vi6h-ffmpeg-7.1.1-doc"
            },
            {
              "name": "lib",
              "path": "/nix/store/la9cjmn1y069ldhpzvdkg719hadb3rri-ffmpeg-7.1.1-lib"
            },
            {
              "name": "out",
              "path": "/nix/store/nrsbrmbnyz1cz4yq8irwl76n3qm90cnh-ffmpeg-7.1.1"
            },
            {
              "name": "data",
              "path": "/nix/store/1cfffndq9rf121jmw3nbl3mwkhihhp4v-ffmpeg-7.1.1-data"
            }
          ],
          "store_path": "/nix/store/611i8s479ln8rf3j2fbbbq1l9hdk4i67-ffmpeg-7.1.1-bin"
        },
        "x86_64-darwin": {
          "outputs": [
            {
              "name": "bin",
              "path": "/nix/store/7m9y5qgxrpf6hl8q2gl4c1fmgabyngi1-ffmpeg-7.1.1-bin",
              "default": true
            },
            {
              "name": "man",
              "path": "/nix/store/vdbyl17npnpjnwg5709fmnzsz1yb8y4l-ffmpeg-7.1.1-man",
              "default": true
            },
            {
              "name": "out",
              "path": "/nix/store/29750146f2chlkanzpffvs21kcgfxlkx-ffmpeg-7.1.1"
            },
            {
              "name": "data",
              "path": "/nix/store/lvqs2k281yv6c9d629jxd4k6cyax64g2-ffmpeg-7.1.1-data"
            },
            {
              "name": "dev",
              "path": "/nix/store/c1qnpg1sr7ka9ifb3asdgwry2x1bjy47-ffmpeg-7.1.1-dev"
            },
            {
              "name": "doc",
              "path": "/nix/store/cdjqmy6i8lnsw9km19jk2aqjz9djqj1f-ffmpeg-7.1.1-doc"
            },
            {
              "name": "lib",
              "path": "/nix/store/y94dz1xxvvwhmry0gy65abnh1kx6ipi4-ffmpeg-7.1.1-lib"
            }
          ],
          "store_path": "/nix/store/7m9y5qgxrpf6hl8q2gl4c1fmgabyngi1-ffmpeg-7.1.1-bin"
        },
        "x86_64-linux": {
          "outputs": [
            {
              "name": "bin",
              "path": "/nix/store/apsks1qb01pjn8q4g3ypl1rbsgz6vvyc-ffmpeg-7.1.1-bin",
              "default": true
            },
            {
              "name": "man",
              "path": "/nix/store/y7vyzxw0pdaqdbn1ahz9bjp0hipnwnhv-ffmpeg-7.1.1-man",
              "default": true
            },
            {
              "name": "lib",
              "path": "/nix/store/z5dk1v08a5w269l5i4702yrs5rqwp2g9-ffmpeg-7.1.1-lib"
            },
            {
              "name": "out",
              "path": "/nix/store/83fdi7gqayqyr898xlplnck7qapz98nm-ffmpeg-7.1.1"
            },
            {
              "name": "data",
              "path": "/nix/store/h9idg6pqrfa1hv33ns3slkak416jfx9h-ffmpeg-7.1.1-data"
            },
            {
              "name": "dev",
              "path": "/nix/store/18zwbjlmwnmxanrlhiwjs0ppcdv9phfj-ffmpeg-7.1.1-dev"
            },
            {
              "name": "doc",
              "path": "/nix/store/sy8l9q3knk2x0h9ywa23v58aiv98j104-ffmpeg-7.1.1-doc"
            }
          ],
          "store_path": "/nix/store/apsks1qb01pjn8q4g3ypl1rbsgz6vvyc-ffmpeg-7.1.1-bin"
        }
      }
    },
    "gitflow@1.12": {
      "last_modified": "2025-07-13T22:45:35Z",
      "resolved": "github:NixOS/nixpkgs/a421ac6595024edcfbb1ef950a3712b89161c359#gitflow",
      "source": "devbox-search",
      "version": "1.12.3",
      "systems": {
        "aarch64-darwin": {
          "outputs": [
            {
              "name": "out",
              "path": "/nix/store/fhvgc2n5nh2vd9kybwvvpv94zrkxv6zj-gitflow-1.12.3",
              "default": true
            }
          ],
          "store_path": "/nix/store/fhvgc2n5nh2vd9kybwvvpv94zrkxv6zj-gitflow-1.12.3"
        },
        "aarch64-linux": {
          "outputs": [
            {
              "name": "out",
              "path": "/nix/store/99w2nrk5vlcdmn5bcxglsr87ssl3xp5v-gitflow-1.12.3",
              "default": true
            }
          ],
          "store_path": "/nix/store/99w2nrk5vlcdmn5bcxglsr87ssl3xp5v-gitflow-1.12.3"
        },
        "x86_64-darwin": {
          "outputs": [
            {
              "name": "out",
              "path": "/nix/store/izpnc0v6g5j17s6xkq1m3x3h0k0c1hz1-gitflow-1.12.3",
              "default": true
            }
          ],
          "store_path": "/nix/store/izpnc0v6g5j17s6xkq1m3x3h0k0c1hz1-gitflow-1.12.3"
        },
        "x86_64-linux": {
          "outputs": [
            {
              "name": "out",
              "path": "/nix/store/w76wy7a56j4y67b4i1x1q3vglhgv0b4r-gitflow-1.12.3",
              "default": true
            }
          ],
          "store_path": "/nix/store/w76wy7a56j4y67b4i1x1q3vglhgv0b4r-gitflow-1.12.3"
        }
      }
    },
    "github:NixOS/nixpkgs/nixpkgs-unstable": {
      "last_modified": "2025-07-08T22:16:38Z",
      "resolved": "github:NixOS/nixpkgs/2a2130494ad647f953593c4e84ea4df839fbd68c?lastModified=1752012998&narHash=sha256-Q82Ms%2BFQmgOBkdoSVm%2BFBpuFoeUAffNerR5yVV7SgT8%3D"
    },
    "go-task@3.44": {
      "last_modified": "2025-07-13T22:45:35Z",
      "resolved": "github:NixOS/nixpkgs/a421ac6595024edcfbb1ef950a3712b89161c359#go-task",
      "source": "devbox-search",
      "version": "3.44.0",
      "systems": {
        "aarch64-darwin": {
          "outputs": [
            {
              "name": "out",
              "path": "/nix/store/xf4c3z2n3g8j41bh9s0l2pjv4fahdmab-go-task-3.44.0",
              "default": true
            }
          ],
          "store_path": "/nix/store/xf4c3z2n3g8j41bh9s0l2pjv4fahdmab-go-task-3.44.0"
        },
        "aarch64-linux": {
          "outputs": [
            {
              "name": "out",
              "path": "/nix/store/hziv622f7xw9swigq3ylw1lj49dgr4d2-go-task-3.44.0",
              "default": true
            }
          ],
          "store_path": "/nix/store/hziv622f7xw9swigq3ylw1lj49dgr4d2-go-task-3.44.0"
        },
        "x86_64-darwin": {
          "outputs": [
            {
              "name": "out",
              "path": "/nix/store/aafqxhbxvy73v1gpwnnc8bs5icm6nlcg-go-task-3.44.0",
              "default": true
            }
          ],
          "store_path": "/nix/store/aafqxhbxvy73v1gpwnnc8bs5icm6nlcg-go-task-3.44.0"
        },
        "x86_64-linux": {
          "outputs": [
            {
              "name": "out",
              "path": "/nix/store/yvpnz39r66qr57m41c3dfyc3b7mi8y9i-go-task-3.44.0",
              "default": true
            }
          ],
          "store_path": "/nix/store/yvpnz39r66qr57m41c3dfyc3b7mi8y9i-go-task-3.44.0"
        }
      }
    },
    "poetry@2.1": {
      "last_modified": "2025-07-17T10:11:59Z",
      "plugin_version": "0.0.4",
      "resolved": "github:NixOS/nixpkgs/fa0ef8a6bb1651aa26c939aeb51b5f499e86b0ec#poetry",
      "source": "devbox-search",
      "version": "2.1.3",
      "systems": {
        "aarch64-darwin": {
          "outputs": [
            {
              "name": "out",
              "path": "/nix/store/j9rcwm1asi28dqvky073zbs091ir23g8-python3.13-poetry-2.1.3",
              "default": true
            },
            {
              "name": "dist",
              "path": "/nix/store/mdkvgr23ng37c6bgbpnxwhbq138ns2g8-python3.13-poetry-2.1.3-dist"
            }
          ],
          "store_path": "/nix/store/j9rcwm1asi28dqvky073zbs091ir23g8-python3.13-poetry-2.1.3"
        },
        "aarch64-linux": {
          "outputs": [
            {
              "name": "out",
              "path": "/nix/store/djkvbgm4x8dxicmdin3lifvlxpnvlmn7-python3.13-poetry-2.1.3",
              "default": true
            },
            {
              "name": "dist",
              "path": "/nix/store/c8siygc9s572lpz1ys7wv20bkzi1rnqb-python3.13-poetry-2.1.3-dist"
            }
          ],
          "store_path": "/nix/store/djkvbgm4x8dxicmdin3lifvlxpnvlmn7-python3.13-poetry-2.1.3"
        },
        "x86_64-darwin": {
          "outputs": [
            {
              "name": "out",
              "path": "/nix/store/8nkc20fm430pildgc2iqnh2jsrz8nfxx-python3.13-poetry-2.1.3",
              "default": true
            },
            {
              "name": "dist",
              "path": "/nix/store/ksjyrx51y1gf0spzciqkfbl707fi80fs-python3.13-poetry-2.1.3-dist"
            }
          ],
          "store_path": "/nix/store/8nkc20fm430pildgc2iqnh2jsrz8nfxx-python3.13-poetry-2.1.3"
        },
        "x86_64-linux": {
          "outputs": [
            {
              "name": "out",
              "path": "/nix/store/f20v6y7pndsvj6bqpck98kbr3ajj0wjc-python3.13-poetry-2.1.3",
              "default": true
            },
            {
              "name": "dist",
              "path": "/nix/store/52rdwhvvxg0gav6d6hl64mmip5lqrh5d-python3.13-poetry-2.1.3-dist"
            }
          ],
          "store_path": "/nix/store/f20v6y7pndsvj6bqpck98kbr3ajj0wjc-python3.13-poetry-2.1.3"
        }
      }
    },
    "python@3.12": {
      "last_modified": "2025-07-13T22:45:35Z",
      "plugin_version": "0.0.4",
      "resolved": "github:NixOS/nixpkgs/a421ac6595024edcfbb1ef950a3712b89161c359#python312",
      "source": "devbox-search",
      "version": "3.12.11",
      "systems": {
        "aarch64-darwin": {
          "outputs": [
            {
              "name": "out",
              "path": "/nix/store/a97d77dxagnddkn5484kfc2gyj3dcdnq-python3-3.12.11",
              "default": true
            }
          ],
          "store_path": "/nix/store/a97d77dxagnddkn5484kfc2gyj3dcdnq-python3-3.12.11"
        },
        "aarch64-linux": {
          "outputs": [
            {
              "name": "out",
              "path": "/nix/store/0psncrl7sy6gsbzcwcxi19nhm987xk1w-python3-3.12.11",
              "default": true
            },
            {
              "name": "debug",
              "path": "/nix/store/kgkgkq90m387sam8bc4p7ab3a96wd59a-python3-3.12.11-debug"
            }
          ],
          "store_path": "/nix/store/0psncrl7sy6gsbzcwcxi19nhm987xk1w-python3-3.12.11"
        },
        "x86_64-darwin": {
          "outputs": [
            {
              "name": "out",
              "path": "/nix/store/r8zs6n1yjghm89n62zid68bflz3252c2-python3-3.12.11",
              "default": true
            }
          ],
          "store_path": "/nix/store/r8zs6n1yjghm89n62zid68bflz3252c2-python3-3.12.11"
        },
        "x86_64-linux": {
          "outputs": [
            {
              "name": "out",
              "path": "/nix/store/gclk0nvp36gdc05v16ham4f86la5wnwi-python3-3.12.11",
              "default": true
            },
            {
              "name": "debug",
              "path": "/nix/store/vcfwifqcb82znj7bfg6vkljny8wsyc93-python3-3.12.11-debug"
            }
          ],
          "store_path": "/nix/store/gclk0nvp36gdc05v16ham4f86la5wnwi-python3-3.12.11"
        }
      }
    }
  }
}
