{
  "lockfile_version": "1",
  "packages": {
    "awscli@1.40": {
      "last_modified": "2025-07-28T17:09:23Z",
      "resolved": "github:NixOS/nixpkgs/648f70160c03151bc2121d179291337ad6bc564b#awscli",
      "source": "devbox-search",
      "version": "1.40.31",
      "systems": {
        "aarch64-darwin": {
          "outputs": [
            {
              "name": "out",
              "path": "/nix/store/wm5830kdn810zlkb4z6hpnqjqknxcz9l-awscli-1.40.31",
              "default": true
            },
            {
              "name": "dist",
              "path": "/nix/store/ll3yyykka1r6hy6qh8f5h6k4kwb5hy3c-awscli-1.40.31-dist"
            }
          ],
          "store_path": "/nix/store/wm5830kdn810zlkb4z6hpnqjqknxcz9l-awscli-1.40.31"
        },
        "aarch64-linux": {
          "outputs": [
            {
              "name": "out",
              "path": "/nix/store/pkcvhmy1k38c060y0d4lfh2hmzw4ng2x-awscli-1.40.31",
              "default": true
            },
            {
              "name": "dist",
              "path": "/nix/store/x52xl1q0gq52i2da28dv8190prjx8chy-awscli-1.40.31-dist"
            }
          ],
          "store_path": "/nix/store/pkcvhmy1k38c060y0d4lfh2hmzw4ng2x-awscli-1.40.31"
        },
        "x86_64-darwin": {
          "outputs": [
            {
              "name": "out",
              "path": "/nix/store/pqm70im5mpy64vjn8h6vzanc65n5snl5-awscli-1.40.31",
              "default": true
            },
            {
              "name": "dist",
              "path": "/nix/store/spx584jyh33wp6zw2i7lqi2px0sj574j-awscli-1.40.31-dist"
            }
          ],
          "store_path": "/nix/store/pqm70im5mpy64vjn8h6vzanc65n5snl5-awscli-1.40.31"
        },
        "x86_64-linux": {
          "outputs": [
            {
              "name": "out",
              "path": "/nix/store/fzg78wg9zn8dmdplil9shqfbsdn79i6v-awscli-1.40.31",
              "default": true
            },
            {
              "name": "dist",
              "path": "/nix/store/kyq9pxnakkjkpm4hpj4y0jzrsk3cw3vz-awscli-1.40.31-dist"
            }
          ],
          "store_path": "/nix/store/fzg78wg9zn8dmdplil9shqfbsdn79i6v-awscli-1.40.31"
        }
      }
    },
    "ffmpeg@7.1.1": {
      "last_modified": "2025-08-12T09:17:37Z",
      "resolved": "github:NixOS/nixpkgs/372d9eeeafa5b15913201e2b92e8e539ac7c64d1#ffmpeg",
      "source": "devbox-search",
      "version": "7.1.1",
      "systems": {
        "aarch64-darwin": {
          "outputs": [
            {
              "name": "bin",
              "path": "/nix/store/gkgrqbp39zvrbmkk1alq98sxxs0ra09i-ffmpeg-7.1.1-bin",
              "default": true
            },
            {
              "name": "man",
              "path": "/nix/store/8dvz9qflvfzaq5gppmh8fzhs9qn8spjm-ffmpeg-7.1.1-man",
              "default": true
            },
            {
              "name": "data",
              "path": "/nix/store/b8pdx5iq32fpg84pl8fplhgljlfg0mrz-ffmpeg-7.1.1-data"
            },
            {
              "name": "dev",
              "path": "/nix/store/1abzm62nfgzmpw6s6npz1rin6ppfcqzg-ffmpeg-7.1.1-dev"
            },
            {
              "name": "doc",
              "path": "/nix/store/q59425ijrbidn14py0vwx65h4zkq3snx-ffmpeg-7.1.1-doc"
            },
            {
              "name": "lib",
              "path": "/nix/store/7zcgjn45sfnm41n2slc5wwv0r50jz4yc-ffmpeg-7.1.1-lib"
            },
            {
              "name": "out",
              "path": "/nix/store/gc39pwvnpqsrn71bz63kakg7ylrfzmc7-ffmpeg-7.1.1"
            }
          ],
          "store_path": "/nix/store/gkgrqbp39zvrbmkk1alq98sxxs0ra09i-ffmpeg-7.1.1-bin"
        },
        "aarch64-linux": {
          "outputs": [
            {
              "name": "bin",
              "path": "/nix/store/611i8s479ln8rf3j2fbbbq1l9hdk4i67-ffmpeg-7.1.1-bin",
              "default": true
            },
            {
              "name": "man",
              "path": "/nix/store/wrjizy5ilzsnfkvcjqpprdrc9bi128y9-ffmpeg-7.1.1-man",
              "default": true
            },
            {
              "name": "dev",
              "path": "/nix/store/9avsfi3anri888m7mfpi3vs2agqbp93x-ffmpeg-7.1.1-dev"
            },
            {
              "name": "doc",
              "path": "/nix/store/0rjaz9j0qd76jv0d1b4miv85kyn6vi6h-ffmpeg-7.1.1-doc"
            },
            {
              "name": "lib",
              "path": "/nix/store/la9cjmn1y069ldhpzvdkg719hadb3rri-ffmpeg-7.1.1-lib"
            },
            {
              "name": "out",
              "path": "/nix/store/nrsbrmbnyz1cz4yq8irwl76n3qm90cnh-ffmpeg-7.1.1"
            },
            {
              "name": "data",
              "path": "/nix/store/1cfffndq9rf121jmw3nbl3mwkhihhp4v-ffmpeg-7.1.1-data"
            }
          ],
          "store_path": "/nix/store/611i8s479ln8rf3j2fbbbq1l9hdk4i67-ffmpeg-7.1.1-bin"
        },
        "x86_64-darwin": {
          "outputs": [
            {
              "name": "bin",
              "path": "/nix/store/7m9y5qgxrpf6hl8q2gl4c1fmgabyngi1-ffmpeg-7.1.1-bin",
              "default": true
            },
            {
              "name": "man",
              "path": "/nix/store/vdbyl17npnpjnwg5709fmnzsz1yb8y4l-ffmpeg-7.1.1-man",
              "default": true
            },
            {
              "name": "out",
              "path": "/nix/store/29750146f2chlkanzpffvs21kcgfxlkx-ffmpeg-7.1.1"
            },
            {
              "name": "data",
              "path": "/nix/store/lvqs2k281yv6c9d629jxd4k6cyax64g2-ffmpeg-7.1.1-data"
            },
            {
              "name": "dev",
              "path": "/nix/store/c1qnpg1sr7ka9ifb3asdgwry2x1bjy47-ffmpeg-7.1.1-dev"
            },
            {
              "name": "doc",
              "path": "/nix/store/cdjqmy6i8lnsw9km19jk2aqjz9djqj1f-ffmpeg-7.1.1-doc"
            },
            {
              "name": "lib",
              "path": "/nix/store/y94dz1xxvvwhmry0gy65abnh1kx6ipi4-ffmpeg-7.1.1-lib"
            }
          ],
          "store_path": "/nix/store/7m9y5qgxrpf6hl8q2gl4c1fmgabyngi1-ffmpeg-7.1.1-bin"
        },
        "x86_64-linux": {
          "outputs": [
            {
              "name": "bin",
              "path": "/nix/store/apsks1qb01pjn8q4g3ypl1rbsgz6vvyc-ffmpeg-7.1.1-bin",
              "default": true
            },
            {
              "name": "man",
              "path": "/nix/store/y7vyzxw0pdaqdbn1ahz9bjp0hipnwnhv-ffmpeg-7.1.1-man",
              "default": true
            },
            {
              "name": "lib",
              "path": "/nix/store/z5dk1v08a5w269l5i4702yrs5rqwp2g9-ffmpeg-7.1.1-lib"
            },
            {
              "name": "out",
              "path": "/nix/store/83fdi7gqayqyr898xlplnck7qapz98nm-ffmpeg-7.1.1"
            },
            {
              "name": "data",
              "path": "/nix/store/h9idg6pqrfa1hv33ns3slkak416jfx9h-ffmpeg-7.1.1-data"
            },
            {
              "name": "dev",
              "path": "/nix/store/18zwbjlmwnmxanrlhiwjs0ppcdv9phfj-ffmpeg-7.1.1-dev"
            },
            {
              "name": "doc",
              "path": "/nix/store/sy8l9q3knk2x0h9ywa23v58aiv98j104-ffmpeg-7.1.1-doc"
            }
          ],
          "store_path": "/nix/store/apsks1qb01pjn8q4g3ypl1rbsgz6vvyc-ffmpeg-7.1.1-bin"
        }
      }
    },
    "gitflow@1.12": {
      "last_modified": "2025-07-13T22:45:35Z",
      "resolved": "github:NixOS/nixpkgs/a421ac6595024edcfbb1ef950a3712b89161c359#gitflow",
      "source": "devbox-search",
      "version": "1.12.3",
      "systems": {
        "aarch64-darwin": {
          "outputs": [
            {
              "name": "out",
              "path": "/nix/store/fhvgc2n5nh2vd9kybwvvpv94zrkxv6zj-gitflow-1.12.3",
              "default": true
            }
          ],
          "store_path": "/nix/store/fhvgc2n5nh2vd9kybwvvpv94zrkxv6zj-gitflow-1.12.3"
        },
        "aarch64-linux": {
          "outputs": [
            {
              "name": "out",
              "path": "/nix/store/99w2nrk5vlcdmn5bcxglsr87ssl3xp5v-gitflow-1.12.3",
              "default": true
            }
          ],
          "store_path": "/nix/store/99w2nrk5vlcdmn5bcxglsr87ssl3xp5v-gitflow-1.12.3"
        },
        "x86_64-darwin": {
          "outputs": [
            {
              "name": "out",
              "path": "/nix/store/izpnc0v6g5j17s6xkq1m3x3h0k0c1hz1-gitflow-1.12.3",
              "default": true
            }
          ],
          "store_path": "/nix/store/izpnc0v6g5j17s6xkq1m3x3h0k0c1hz1-gitflow-1.12.3"
        },
        "x86_64-linux": {
          "outputs": [
            {
              "name": "out",
              "path": "/nix/store/w76wy7a56j4y67b4i1x1q3vglhgv0b4r-gitflow-1.12.3",
              "default": true
            }
          ],
          "store_path": "/nix/store/w76wy7a56j4y67b4i1x1q3vglhgv0b4r-gitflow-1.12.3"
        }
      }
    },
    "github:NixOS/nixpkgs/nixpkgs-unstable": {
      "last_modified": "2025-07-08T22:16:38Z",
      "resolved": "github:NixOS/nixpkgs/2a2130494ad647f953593c4e84ea4df839fbd68c?lastModified=1752012998&narHash=sha256-Q82Ms%2BFQmgOBkdoSVm%2BFBpuFoeUAffNerR5yVV7SgT8%3D"
    },
    "go-task@3.44": {
      "last_modified": "2025-07-13T22:45:35Z",
      "resolved": "github:NixOS/nixpkgs/a421ac6595024edcfbb1ef950a3712b89161c359#go-task",
      "source": "devbox-search",
      "version": "3.44.0",
      "systems": {
        "aarch64-darwin": {
          "outputs": [
            {
              "name": "out",
              "path": "/nix/store/xf4c3z2n3g8j41bh9s0l2pjv4fahdmab-go-task-3.44.0",
              "default": true
            }
          ],
          "store_path": "/nix/store/xf4c3z2n3g8j41bh9s0l2pjv4fahdmab-go-task-3.44.0"
        },
        "aarch64-linux": {
          "outputs": [
            {
              "name": "out",
              "path": "/nix/store/hziv622f7xw9swigq3ylw1lj49dgr4d2-go-task-3.44.0",
              "default": true
            }
          ],
          "store_path": "/nix/store/hziv622f7xw9swigq3ylw1lj49dgr4d2-go-task-3.44.0"
        },
        "x86_64-darwin": {
          "outputs": [
            {
              "name": "out",
              "path": "/nix/store/aafqxhbxvy73v1gpwnnc8bs5icm6nlcg-go-task-3.44.0",
              "default": true
            }
          ],
          "store_path": "/nix/store/aafqxhbxvy73v1gpwnnc8bs5icm6nlcg-go-task-3.44.0"
        },
        "x86_64-linux": {
          "outputs": [
            {
              "name": "out",
              "path": "/nix/store/yvpnz39r66qr57m41c3dfyc3b7mi8y9i-go-task-3.44.0",
              "default": true
            }
          ],
          "store_path": "/nix/store/yvpnz39r66qr57m41c3dfyc3b7mi8y9i-go-task-3.44.0"
        }
      }
    },
    "helmfile@1.1": {
      "last_modified": "2025-08-11T07:05:29Z",
      "resolved": "github:NixOS/nixpkgs/9585e9192aadc13ec3e49f33f8333bd3cda524df#helmfile",
      "source": "devbox-search",
      "version": "1.1.4",
      "systems": {
        "aarch64-darwin": {
          "outputs": [
            {
              "name": "out",
              "path": "/nix/store/8cakfdffaghplgs39yc477vjj0gmqcnp-helmfile-1.1.4",
              "default": true
            }
          ],
          "store_path": "/nix/store/8cakfdffaghplgs39yc477vjj0gmqcnp-helmfile-1.1.4"
        },
        "aarch64-linux": {
          "outputs": [
            {
              "name": "out",
              "path": "/nix/store/vazn0wja5anw5hyz4phjx1yrh529ch8r-helmfile-1.1.4",
              "default": true
            }
          ],
          "store_path": "/nix/store/vazn0wja5anw5hyz4phjx1yrh529ch8r-helmfile-1.1.4"
        },
        "x86_64-darwin": {
          "outputs": [
            {
              "name": "out",
              "path": "/nix/store/mmrv6dk3h7dqjfz8wpbgvnql9623bfc7-helmfile-1.1.4",
              "default": true
            }
          ],
          "store_path": "/nix/store/mmrv6dk3h7dqjfz8wpbgvnql9623bfc7-helmfile-1.1.4"
        },
        "x86_64-linux": {
          "outputs": [
            {
              "name": "out",
              "path": "/nix/store/5fj24c4887l1dpwf094zwl3rxjpz1pvk-helmfile-1.1.4",
              "default": true
            }
          ],
          "store_path": "/nix/store/5fj24c4887l1dpwf094zwl3rxjpz1pvk-helmfile-1.1.4"
        }
      }
    },
    "jq@1.8": {
      "last_modified": "2025-08-12T09:17:37Z",
      "resolved": "github:NixOS/nixpkgs/372d9eeeafa5b15913201e2b92e8e539ac7c64d1#jq",
      "source": "devbox-search",
      "version": "1.8.1",
      "systems": {
        "aarch64-darwin": {
          "outputs": [
            {
              "name": "bin",
              "path": "/nix/store/bk70k4fzjkki438jhl73ry55amwhvzkd-jq-1.8.1-bin",
              "default": true
            },
            {
              "name": "man",
              "path": "/nix/store/vn6dfky85mpw670m4c2zi61cvjcx1asj-jq-1.8.1-man",
              "default": true
            },
            {
              "name": "dev",
              "path": "/nix/store/4jjfl7vg6y26npsx078850sr5lghx8mi-jq-1.8.1-dev"
            },
            {
              "name": "doc",
              "path": "/nix/store/j8nb6pqjccz7j4nn4mqmx92yvgl31ajl-jq-1.8.1-doc"
            },
            {
              "name": "out",
              "path": "/nix/store/z7npa6zipbnn7akq0dzpvp6ldc53qvbl-jq-1.8.1"
            }
          ],
          "store_path": "/nix/store/bk70k4fzjkki438jhl73ry55amwhvzkd-jq-1.8.1-bin"
        },
        "aarch64-linux": {
          "outputs": [
            {
              "name": "bin",
              "path": "/nix/store/k881xdkfjqnyaclrq5n1lfxjnv1z70ds-jq-1.8.1-bin",
              "default": true
            },
            {
              "name": "man",
              "path": "/nix/store/51fwmry2hkrsdnzb9nngwhffm0rnha72-jq-1.8.1-man",
              "default": true
            },
            {
              "name": "dev",
              "path": "/nix/store/zbw60md1qi8bif7k5qmh9l4an8hx924g-jq-1.8.1-dev"
            },
            {
              "name": "doc",
              "path": "/nix/store/k19ngx2hsicd6qvl5lxx878ag9443pwq-jq-1.8.1-doc"
            },
            {
              "name": "out",
              "path": "/nix/store/5sq5gjdf3v9pc4b78mfx1v9vkzx65dhk-jq-1.8.1"
            }
          ],
          "store_path": "/nix/store/k881xdkfjqnyaclrq5n1lfxjnv1z70ds-jq-1.8.1-bin"
        },
        "x86_64-darwin": {
          "outputs": [
            {
              "name": "bin",
              "path": "/nix/store/n9hbqknz3fxayw3c4y2l7yipa7n975ic-jq-1.8.1-bin",
              "default": true
            },
            {
              "name": "man",
              "path": "/nix/store/46h6qyk0f9436w8pcvgx7h59j0ic41iv-jq-1.8.1-man",
              "default": true
            },
            {
              "name": "doc",
              "path": "/nix/store/ac3lal7kk1vbri37b2v5c1r8dq8356qs-jq-1.8.1-doc"
            },
            {
              "name": "out",
              "path": "/nix/store/n94wp81gr2ifwzy6fzc8andk4h2cmnia-jq-1.8.1"
            },
            {
              "name": "dev",
              "path": "/nix/store/frdhk9q6bvdpx6pjspxvp56wqmj5xrwr-jq-1.8.1-dev"
            }
          ],
          "store_path": "/nix/store/n9hbqknz3fxayw3c4y2l7yipa7n975ic-jq-1.8.1-bin"
        },
        "x86_64-linux": {
          "outputs": [
            {
              "name": "bin",
              "path": "/nix/store/kwxm52f2g9ap890pfj2j4ryzq2gj2i69-jq-1.8.1-bin",
              "default": true
            },
            {
              "name": "man",
              "path": "/nix/store/pdh9j4z29n3m1xahvssji96cfgk21a43-jq-1.8.1-man",
              "default": true
            },
            {
              "name": "out",
              "path": "/nix/store/mmi8dxjdsv8r9jxnyd3dqwqakxda1796-jq-1.8.1"
            },
            {
              "name": "dev",
              "path": "/nix/store/h0xayyfsl9f17bss0x1xhhz7c3n5fq43-jq-1.8.1-dev"
            },
            {
              "name": "doc",
              "path": "/nix/store/j9idg8al8k1fs1v3sm6axc9zsd8zj5vn-jq-1.8.1-doc"
            }
          ],
          "store_path": "/nix/store/kwxm52f2g9ap890pfj2j4ryzq2gj2i69-jq-1.8.1-bin"
        }
      }
    },
    "k3d@5.8": {
      "last_modified": "2025-07-28T17:09:23Z",
      "resolved": "github:NixOS/nixpkgs/648f70160c03151bc2121d179291337ad6bc564b#k3d",
      "source": "devbox-search",
      "version": "5.8.3",
      "systems": {
        "aarch64-darwin": {
          "outputs": [
            {
              "name": "out",
              "path": "/nix/store/kch2dj9qsrfamxazq8i14wl38ygwhkhk-k3d-5.8.3",
              "default": true
            }
          ],
          "store_path": "/nix/store/kch2dj9qsrfamxazq8i14wl38ygwhkhk-k3d-5.8.3"
        },
        "aarch64-linux": {
          "outputs": [
            {
              "name": "out",
              "path": "/nix/store/zk0k2j55x88asnvb7m68dsw67hmcgir2-k3d-5.8.3",
              "default": true
            }
          ],
          "store_path": "/nix/store/zk0k2j55x88asnvb7m68dsw67hmcgir2-k3d-5.8.3"
        },
        "x86_64-darwin": {
          "outputs": [
            {
              "name": "out",
              "path": "/nix/store/ama831lzxzr46j47wmijip2zvxrf8sgz-k3d-5.8.3",
              "default": true
            }
          ],
          "store_path": "/nix/store/ama831lzxzr46j47wmijip2zvxrf8sgz-k3d-5.8.3"
        },
        "x86_64-linux": {
          "outputs": [
            {
              "name": "out",
              "path": "/nix/store/5wcjhb072wmnv7zyr162x65j102zgckv-k3d-5.8.3",
              "default": true
            }
          ],
          "store_path": "/nix/store/5wcjhb072wmnv7zyr162x65j102zgckv-k3d-5.8.3"
        }
      }
    },
    "k9s@0.50": {
      "last_modified": "2025-07-28T17:09:23Z",
      "resolved": "github:NixOS/nixpkgs/648f70160c03151bc2121d179291337ad6bc564b#k9s",
      "source": "devbox-search",
      "version": "0.50.9",
      "systems": {
        "aarch64-darwin": {
          "outputs": [
            {
              "name": "out",
              "path": "/nix/store/9lbspbg4vwqji66y5cjx4fdkzyc6gndc-k9s-0.50.9",
              "default": true
            }
          ],
          "store_path": "/nix/store/9lbspbg4vwqji66y5cjx4fdkzyc6gndc-k9s-0.50.9"
        },
        "aarch64-linux": {
          "outputs": [
            {
              "name": "out",
              "path": "/nix/store/0p2d1lqikd1ybji3zf8nffcj3s24a1lh-k9s-0.50.9",
              "default": true
            }
          ],
          "store_path": "/nix/store/0p2d1lqikd1ybji3zf8nffcj3s24a1lh-k9s-0.50.9"
        },
        "x86_64-darwin": {
          "outputs": [
            {
              "name": "out",
              "path": "/nix/store/fyh4dy9xcyi3wf5rclbhn6ihssxvnn6k-k9s-0.50.9",
              "default": true
            }
          ],
          "store_path": "/nix/store/fyh4dy9xcyi3wf5rclbhn6ihssxvnn6k-k9s-0.50.9"
        },
        "x86_64-linux": {
          "outputs": [
            {
              "name": "out",
              "path": "/nix/store/gjlg5swbvf9kx15da6qb6gpgmgf8a8zi-k9s-0.50.9",
              "default": true
            }
          ],
          "store_path": "/nix/store/gjlg5swbvf9kx15da6qb6gpgmgf8a8zi-k9s-0.50.9"
        }
      }
    },
    "kind@0.29": {
      "last_modified": "2025-07-28T17:09:23Z",
      "resolved": "github:NixOS/nixpkgs/648f70160c03151bc2121d179291337ad6bc564b#kind",
      "source": "devbox-search",
      "version": "0.29.0",
      "systems": {
        "aarch64-darwin": {
          "outputs": [
            {
              "name": "out",
              "path": "/nix/store/prhgjwv6cqf2s1hgr662w7h56amykcpp-kind-0.29.0",
              "default": true
            }
          ],
          "store_path": "/nix/store/prhgjwv6cqf2s1hgr662w7h56amykcpp-kind-0.29.0"
        },
        "aarch64-linux": {
          "outputs": [
            {
              "name": "out",
              "path": "/nix/store/ij8mcqwncmw68i676b4dybgwx5k1filn-kind-0.29.0",
              "default": true
            }
          ],
          "store_path": "/nix/store/ij8mcqwncmw68i676b4dybgwx5k1filn-kind-0.29.0"
        },
        "x86_64-darwin": {
          "outputs": [
            {
              "name": "out",
              "path": "/nix/store/ssn028ms5f62wsznhvl7kks62idd6y4w-kind-0.29.0",
              "default": true
            }
          ],
          "store_path": "/nix/store/ssn028ms5f62wsznhvl7kks62idd6y4w-kind-0.29.0"
        },
        "x86_64-linux": {
          "outputs": [
            {
              "name": "out",
              "path": "/nix/store/r6j7f9fk5cnss0i0ddm5yf9r23n1bc13-kind-0.29.0",
              "default": true
            }
          ],
          "store_path": "/nix/store/r6j7f9fk5cnss0i0ddm5yf9r23n1bc13-kind-0.29.0"
        }
      }
    },
    "kubectl@1.33": {
      "last_modified": "2025-07-28T17:09:23Z",
      "resolved": "github:NixOS/nixpkgs/648f70160c03151bc2121d179291337ad6bc564b#kubectl",
      "source": "devbox-search",
      "version": "1.33.3",
      "systems": {
        "aarch64-darwin": {
          "outputs": [
            {
              "name": "out",
              "path": "/nix/store/k5hj0mxpv84w7xzx2z4wc06r4hg1ccwj-kubectl-1.33.3",
              "default": true
            },
            {
              "name": "man",
              "path": "/nix/store/2mckzmqkc5y3bh66sx2ij6sy2l1yy5s3-kubectl-1.33.3-man",
              "default": true
            },
            {
              "name": "convert",
              "path": "/nix/store/x225vv21kfp2pgi3hxac4cpz60qlh6nv-kubectl-1.33.3-convert"
            }
          ],
          "store_path": "/nix/store/k5hj0mxpv84w7xzx2z4wc06r4hg1ccwj-kubectl-1.33.3"
        },
        "aarch64-linux": {
          "outputs": [
            {
              "name": "out",
              "path": "/nix/store/cclissn11ab1rw49qybz8q31631n3m9x-kubectl-1.33.3",
              "default": true
            },
            {
              "name": "man",
              "path": "/nix/store/5npib1jfzm5mnv2ri6lv3z1l2pxhp8lr-kubectl-1.33.3-man",
              "default": true
            },
            {
              "name": "convert",
              "path": "/nix/store/1ahkazwv31h3irkxpzazg20kpn3kngbz-kubectl-1.33.3-convert"
            }
          ],
          "store_path": "/nix/store/cclissn11ab1rw49qybz8q31631n3m9x-kubectl-1.33.3"
        },
        "x86_64-darwin": {
          "outputs": [
            {
              "name": "out",
              "path": "/nix/store/qhvbci1vbd66884yza8d8sr3xn08v5ar-kubectl-1.33.3",
              "default": true
            },
            {
              "name": "man",
              "path": "/nix/store/9r8lxjhv229w8c2gf0kbwsfjl9jcv6y2-kubectl-1.33.3-man",
              "default": true
            },
            {
              "name": "convert",
              "path": "/nix/store/x74dqs19xz986l140bjn15awxf62dkys-kubectl-1.33.3-convert"
            }
          ],
          "store_path": "/nix/store/qhvbci1vbd66884yza8d8sr3xn08v5ar-kubectl-1.33.3"
        },
        "x86_64-linux": {
          "outputs": [
            {
              "name": "out",
              "path": "/nix/store/vpx0zzs0hazp7k9byys204jl805ksa2y-kubectl-1.33.3",
              "default": true
            },
            {
              "name": "man",
              "path": "/nix/store/w38d510ixf5ijs8z4j6c2yiinqk8ddx8-kubectl-1.33.3-man",
              "default": true
            },
            {
              "name": "convert",
              "path": "/nix/store/sj77h1x39z09mmq6rv1cjmpj6gg9gylf-kubectl-1.33.3-convert"
            }
          ],
          "store_path": "/nix/store/vpx0zzs0hazp7k9byys204jl805ksa2y-kubectl-1.33.3"
        }
      }
    },
    "kubectx@0.9": {
      "last_modified": "2025-07-28T17:09:23Z",
      "resolved": "github:NixOS/nixpkgs/648f70160c03151bc2121d179291337ad6bc564b#kubectx",
      "source": "devbox-search",
      "version": "0.9.5",
      "systems": {
        "aarch64-darwin": {
          "outputs": [
            {
              "name": "out",
              "path": "/nix/store/zm7ff13d7qackv1gfxgc90pw82d8yj01-kubectx-0.9.5",
              "default": true
            }
          ],
          "store_path": "/nix/store/zm7ff13d7qackv1gfxgc90pw82d8yj01-kubectx-0.9.5"
        },
        "aarch64-linux": {
          "outputs": [
            {
              "name": "out",
              "path": "/nix/store/347g93h2dmbc3kbyifrdlkslh0gkw1jf-kubectx-0.9.5",
              "default": true
            }
          ],
          "store_path": "/nix/store/347g93h2dmbc3kbyifrdlkslh0gkw1jf-kubectx-0.9.5"
        },
        "x86_64-darwin": {
          "outputs": [
            {
              "name": "out",
              "path": "/nix/store/q3xni8wi5g6p96zcsqbwwb8lwniar75k-kubectx-0.9.5",
              "default": true
            }
          ],
          "store_path": "/nix/store/q3xni8wi5g6p96zcsqbwwb8lwniar75k-kubectx-0.9.5"
        },
        "x86_64-linux": {
          "outputs": [
            {
              "name": "out",
              "path": "/nix/store/8fwv8lifvm6gpcpsjgx1zjy1li0jhcpj-kubectx-0.9.5",
              "default": true
            }
          ],
          "store_path": "/nix/store/8fwv8lifvm6gpcpsjgx1zjy1li0jhcpj-kubectx-0.9.5"
        }
      }
    },
    "kubernetes-helm@3.18": {
      "last_modified": "2025-07-28T17:09:23Z",
      "resolved": "github:NixOS/nixpkgs/648f70160c03151bc2121d179291337ad6bc564b#kubernetes-helm",
      "source": "devbox-search",
      "version": "3.18.4",
      "systems": {
        "aarch64-darwin": {
          "outputs": [
            {
              "name": "out",
              "path": "/nix/store/0cxdf30s34zacr305rbyavvnamx36hs4-kubernetes-helm-3.18.4",
              "default": true
            }
          ],
          "store_path": "/nix/store/0cxdf30s34zacr305rbyavvnamx36hs4-kubernetes-helm-3.18.4"
        },
        "aarch64-linux": {
          "outputs": [
            {
              "name": "out",
              "path": "/nix/store/2s4r0aik3lkdhjkhs7hj38pbk29fs968-kubernetes-helm-3.18.4",
              "default": true
            }
          ],
          "store_path": "/nix/store/2s4r0aik3lkdhjkhs7hj38pbk29fs968-kubernetes-helm-3.18.4"
        },
        "x86_64-darwin": {
          "outputs": [
            {
              "name": "out",
              "path": "/nix/store/y5wgqd0sr8grd59dzl77gc8907gb5078-kubernetes-helm-3.18.4",
              "default": true
            }
          ],
          "store_path": "/nix/store/y5wgqd0sr8grd59dzl77gc8907gb5078-kubernetes-helm-3.18.4"
        },
        "x86_64-linux": {
          "outputs": [
            {
              "name": "out",
              "path": "/nix/store/s77p25dg7dib28llm63b8xp0609gld5w-kubernetes-helm-3.18.4",
              "default": true
            }
          ],
          "store_path": "/nix/store/s77p25dg7dib28llm63b8xp0609gld5w-kubernetes-helm-3.18.4"
        }
      }
    },
    "kubeseal@0.30": {
      "last_modified": "2025-07-28T17:09:23Z",
      "resolved": "github:NixOS/nixpkgs/648f70160c03151bc2121d179291337ad6bc564b#kubeseal",
      "source": "devbox-search",
      "version": "0.30.0",
      "systems": {
        "aarch64-darwin": {
          "outputs": [
            {
              "name": "out",
              "path": "/nix/store/bjrzni4xi4hcj1432w602nx33m1krf41-kubeseal-0.30.0",
              "default": true
            }
          ],
          "store_path": "/nix/store/bjrzni4xi4hcj1432w602nx33m1krf41-kubeseal-0.30.0"
        },
        "aarch64-linux": {
          "outputs": [
            {
              "name": "out",
              "path": "/nix/store/y0vl303cgnv46gxh8f3dhwm7qdai4rr9-kubeseal-0.30.0",
              "default": true
            }
          ],
          "store_path": "/nix/store/y0vl303cgnv46gxh8f3dhwm7qdai4rr9-kubeseal-0.30.0"
        },
        "x86_64-darwin": {
          "outputs": [
            {
              "name": "out",
              "path": "/nix/store/nngywnsdf1403yh0c0b0m4079dlwqllk-kubeseal-0.30.0",
              "default": true
            }
          ],
          "store_path": "/nix/store/nngywnsdf1403yh0c0b0m4079dlwqllk-kubeseal-0.30.0"
        },
        "x86_64-linux": {
          "outputs": [
            {
              "name": "out",
              "path": "/nix/store/wk6ghd4ppf0hvdgwizg0r0yg5smcsg99-kubeseal-0.30.0",
              "default": true
            }
          ],
          "store_path": "/nix/store/wk6ghd4ppf0hvdgwizg0r0yg5smcsg99-kubeseal-0.30.0"
        }
      }
    },
    "poetry@2.1": {
      "last_modified": "2025-07-17T10:11:59Z",
      "plugin_version": "0.0.4",
      "resolved": "github:NixOS/nixpkgs/fa0ef8a6bb1651aa26c939aeb51b5f499e86b0ec#poetry",
      "source": "devbox-search",
      "version": "2.1.3",
      "systems": {
        "aarch64-darwin": {
          "outputs": [
            {
              "name": "out",
              "path": "/nix/store/j9rcwm1asi28dqvky073zbs091ir23g8-python3.13-poetry-2.1.3",
              "default": true
            },
            {
              "name": "dist",
              "path": "/nix/store/mdkvgr23ng37c6bgbpnxwhbq138ns2g8-python3.13-poetry-2.1.3-dist"
            }
          ],
          "store_path": "/nix/store/j9rcwm1asi28dqvky073zbs091ir23g8-python3.13-poetry-2.1.3"
        },
        "aarch64-linux": {
          "outputs": [
            {
              "name": "out",
              "path": "/nix/store/djkvbgm4x8dxicmdin3lifvlxpnvlmn7-python3.13-poetry-2.1.3",
              "default": true
            },
            {
              "name": "dist",
              "path": "/nix/store/c8siygc9s572lpz1ys7wv20bkzi1rnqb-python3.13-poetry-2.1.3-dist"
            }
          ],
          "store_path": "/nix/store/djkvbgm4x8dxicmdin3lifvlxpnvlmn7-python3.13-poetry-2.1.3"
        },
        "x86_64-darwin": {
          "outputs": [
            {
              "name": "out",
              "path": "/nix/store/8nkc20fm430pildgc2iqnh2jsrz8nfxx-python3.13-poetry-2.1.3",
              "default": true
            },
            {
              "name": "dist",
              "path": "/nix/store/ksjyrx51y1gf0spzciqkfbl707fi80fs-python3.13-poetry-2.1.3-dist"
            }
          ],
          "store_path": "/nix/store/8nkc20fm430pildgc2iqnh2jsrz8nfxx-python3.13-poetry-2.1.3"
        },
        "x86_64-linux": {
          "outputs": [
            {
              "name": "out",
              "path": "/nix/store/f20v6y7pndsvj6bqpck98kbr3ajj0wjc-python3.13-poetry-2.1.3",
              "default": true
            },
            {
              "name": "dist",
              "path": "/nix/store/52rdwhvvxg0gav6d6hl64mmip5lqrh5d-python3.13-poetry-2.1.3-dist"
            }
          ],
          "store_path": "/nix/store/f20v6y7pndsvj6bqpck98kbr3ajj0wjc-python3.13-poetry-2.1.3"
        }
      }
    },
    "python@3.12": {
      "last_modified": "2025-07-13T22:45:35Z",
      "plugin_version": "0.0.4",
      "resolved": "github:NixOS/nixpkgs/a421ac6595024edcfbb1ef950a3712b89161c359#python312",
      "source": "devbox-search",
      "version": "3.12.11",
      "systems": {
        "aarch64-darwin": {
          "outputs": [
            {
              "name": "out",
              "path": "/nix/store/a97d77dxagnddkn5484kfc2gyj3dcdnq-python3-3.12.11",
              "default": true
            }
          ],
          "store_path": "/nix/store/a97d77dxagnddkn5484kfc2gyj3dcdnq-python3-3.12.11"
        },
        "aarch64-linux": {
          "outputs": [
            {
              "name": "out",
              "path": "/nix/store/0psncrl7sy6gsbzcwcxi19nhm987xk1w-python3-3.12.11",
              "default": true
            },
            {
              "name": "debug",
              "path": "/nix/store/kgkgkq90m387sam8bc4p7ab3a96wd59a-python3-3.12.11-debug"
            }
          ],
          "store_path": "/nix/store/0psncrl7sy6gsbzcwcxi19nhm987xk1w-python3-3.12.11"
        },
        "x86_64-darwin": {
          "outputs": [
            {
              "name": "out",
              "path": "/nix/store/r8zs6n1yjghm89n62zid68bflz3252c2-python3-3.12.11",
              "default": true
            }
          ],
          "store_path": "/nix/store/r8zs6n1yjghm89n62zid68bflz3252c2-python3-3.12.11"
        },
        "x86_64-linux": {
          "outputs": [
            {
              "name": "out",
              "path": "/nix/store/gclk0nvp36gdc05v16ham4f86la5wnwi-python3-3.12.11",
              "default": true
            },
            {
              "name": "debug",
              "path": "/nix/store/vcfwifqcb82znj7bfg6vkljny8wsyc93-python3-3.12.11-debug"
            }
          ],
          "store_path": "/nix/store/gclk0nvp36gdc05v16ham4f86la5wnwi-python3-3.12.11"
        }
      }
    },
    "terraform@1.12": {
      "last_modified": "2025-07-28T17:09:23Z",
      "resolved": "github:NixOS/nixpkgs/648f70160c03151bc2121d179291337ad6bc564b#terraform",
      "source": "devbox-search",
      "version": "1.12.2",
      "systems": {
        "aarch64-darwin": {
          "outputs": [
            {
              "name": "out",
              "path": "/nix/store/40gjbhfk5r4njbvkny3jcn8dz9slr138-terraform-1.12.2",
              "default": true
            }
          ],
          "store_path": "/nix/store/40gjbhfk5r4njbvkny3jcn8dz9slr138-terraform-1.12.2"
        },
        "aarch64-linux": {
          "outputs": [
            {
              "name": "out",
              "path": "/nix/store/bvi0sf7qi75lk7aczgwp1bq811py9rj0-terraform-1.12.2",
              "default": true
            }
          ],
          "store_path": "/nix/store/bvi0sf7qi75lk7aczgwp1bq811py9rj0-terraform-1.12.2"
        },
        "x86_64-darwin": {
          "outputs": [
            {
              "name": "out",
              "path": "/nix/store/km3x95bvr81n0lpyfr7nf00vifl3q6hy-terraform-1.12.2",
              "default": true
            }
          ],
          "store_path": "/nix/store/km3x95bvr81n0lpyfr7nf00vifl3q6hy-terraform-1.12.2"
        },
        "x86_64-linux": {
          "outputs": [
            {
              "name": "out",
              "path": "/nix/store/vxazqkmsxlc6fgx3kl53jxiwjszghwrm-terraform-1.12.2",
              "default": true
            }
          ],
          "store_path": "/nix/store/vxazqkmsxlc6fgx3kl53jxiwjszghwrm-terraform-1.12.2"
        }
      }
    },
    "yamllint@1.37": {
      "last_modified": "2025-07-28T17:09:23Z",
      "resolved": "github:NixOS/nixpkgs/648f70160c03151bc2121d179291337ad6bc564b#yamllint",
      "source": "devbox-search",
      "version": "1.37.1",
      "systems": {
        "aarch64-darwin": {
          "outputs": [
            {
              "name": "out",
              "path": "/nix/store/lm8hla11svn8glcgc5yhg1990gdrw5qq-python3.13-yamllint-1.37.1",
              "default": true
            },
            {
              "name": "dist",
              "path": "/nix/store/5787d9236p07pwd04gj00k6rli35wp84-python3.13-yamllint-1.37.1-dist"
            }
          ],
          "store_path": "/nix/store/lm8hla11svn8glcgc5yhg1990gdrw5qq-python3.13-yamllint-1.37.1"
        },
        "aarch64-linux": {
          "outputs": [
            {
              "name": "out",
              "path": "/nix/store/8h5vdqrx7b2hzlhqy2rcniq5nf0i0j7f-python3.13-yamllint-1.37.1",
              "default": true
            },
            {
              "name": "dist",
              "path": "/nix/store/1p8xbkrqhm0mqacghfgfdp1q9ggxrirq-python3.13-yamllint-1.37.1-dist"
            }
          ],
          "store_path": "/nix/store/8h5vdqrx7b2hzlhqy2rcniq5nf0i0j7f-python3.13-yamllint-1.37.1"
        },
        "x86_64-darwin": {
          "outputs": [
            {
              "name": "out",
              "path": "/nix/store/53vl9m6b594yf85093gbhlw8lv4ivndq-python3.13-yamllint-1.37.1",
              "default": true
            },
            {
              "name": "dist",
              "path": "/nix/store/ig2y0prb5vi6ky2fbg245439dl0w076w-python3.13-yamllint-1.37.1-dist"
            }
          ],
          "store_path": "/nix/store/53vl9m6b594yf85093gbhlw8lv4ivndq-python3.13-yamllint-1.37.1"
        },
        "x86_64-linux": {
          "outputs": [
            {
              "name": "out",
              "path": "/nix/store/fhvbnxy08wqk8gvwpgyi55n6zrmgv951-python3.13-yamllint-1.37.1",
              "default": true
            },
            {
              "name": "dist",
              "path": "/nix/store/jxjhi5yqq6d1f54x74j9d0c3s4v9imsd-python3.13-yamllint-1.37.1-dist"
            }
          ],
          "store_path": "/nix/store/fhvbnxy08wqk8gvwpgyi55n6zrmgv951-python3.13-yamllint-1.37.1"
        }
      }
    },
    "yq@3.4": {
      "last_modified": "2025-07-28T17:09:23Z",
      "resolved": "github:NixOS/nixpkgs/648f70160c03151bc2121d179291337ad6bc564b#yq",
      "source": "devbox-search",
      "version": "3.4.3",
      "systems": {
        "aarch64-darwin": {
          "outputs": [
            {
              "name": "out",
              "path": "/nix/store/pv0z7486gqyfldkdm9dl7b7kh91n1xdz-python3.13-yq-3.4.3",
              "default": true
            },
            {
              "name": "dist",
              "path": "/nix/store/agqzsww2s8gwziryz8dbva6xh24h7rjp-python3.13-yq-3.4.3-dist"
            }
          ],
          "store_path": "/nix/store/pv0z7486gqyfldkdm9dl7b7kh91n1xdz-python3.13-yq-3.4.3"
        },
        "aarch64-linux": {
          "outputs": [
            {
              "name": "out",
              "path": "/nix/store/f2ljrw5wyly5w5w051xf15026i3cpxvm-python3.13-yq-3.4.3",
              "default": true
            },
            {
              "name": "dist",
              "path": "/nix/store/2kzk1g3y5slylhkfidrazy5fsl5m7dl5-python3.13-yq-3.4.3-dist"
            }
          ],
          "store_path": "/nix/store/f2ljrw5wyly5w5w051xf15026i3cpxvm-python3.13-yq-3.4.3"
        },
        "x86_64-darwin": {
          "outputs": [
            {
              "name": "out",
              "path": "/nix/store/fnyws30rnpa4i1aw0rrd0z2n0wn3qv9m-python3.13-yq-3.4.3",
              "default": true
            },
            {
              "name": "dist",
              "path": "/nix/store/ll0nb6a2f9wd1ghpymyg8fjwiyqgxls1-python3.13-yq-3.4.3-dist"
            }
          ],
          "store_path": "/nix/store/fnyws30rnpa4i1aw0rrd0z2n0wn3qv9m-python3.13-yq-3.4.3"
        },
        "x86_64-linux": {
          "outputs": [
            {
              "name": "out",
              "path": "/nix/store/73wfjnpi4ms8xbrf4j8357rk0gm6dsc9-python3.13-yq-3.4.3",
              "default": true
            },
            {
              "name": "dist",
              "path": "/nix/store/kbizcjfiqi08yvdb7zkp44fshi1rw97y-python3.13-yq-3.4.3-dist"
            }
          ],
          "store_path": "/nix/store/73wfjnpi4ms8xbrf4j8357rk0gm6dsc9-python3.13-yq-3.4.3"
        }
      }
    }
  }
}
